// !$*UTF8*$!
{
	archiveVersion = 1;
	classes = {
	};
	objectVersion = 77;
	objects = {

/* Begin PBXContainerItemProxy section */
		DD0DED4E2CC1B39D008B4208 /* PBXContainerItemProxy */ = {
			isa = PBXContainerItemProxy;
			containerPortal = DD0DED352CC1B38A008B4208 /* Project object */;
			proxyType = 1;
			remoteGlobalIDString = DD0DED3C2CC1B38A008B4208;
			remoteInfo = McatMaestro;
		};
		DD0DED582CC1B39D008B4208 /* PBXContainerItemProxy */ = {
			isa = PBXContainerItemProxy;
			containerPortal = DD0DED352CC1B38A008B4208 /* Project object */;
			proxyType = 1;
			remoteGlobalIDString = DD0DED3C2CC1B38A008B4208;
			remoteInfo = McatMaestro;
		};
/* End PBXContainerItemProxy section */

/* Begin PBXFileReference section */
		DD0DED3D2CC1B38A008B4208 /* McatMaestro.app */ = {isa = PBXFileReference; explicitFileType = wrapper.application; includeInIndex = 0; path = McatMaestro.app; sourceTree = BUILT_PRODUCTS_DIR; };
		DD0DED4D2CC1B39D008B4208 /* McatMaestroTests.xctest */ = {isa = PBXFileReference; explicitFileType = wrapper.cfbundle; includeInIndex = 0; path = McatMaestroTests.xctest; sourceTree = BUILT_PRODUCTS_DIR; };
		DD0DED572CC1B39D008B4208 /* McatMaestroUITests.xctest */ = {isa = PBXFileReference; explicitFileType = wrapper.cfbundle; includeInIndex = 0; path = McatMaestroUITests.xctest; sourceTree = BUILT_PRODUCTS_DIR; };
/* End PBXFileReference section */

/* Begin PBXFileSystemSynchronizedRootGroup section */
		DD0DED3F2CC1B38A008B4208 /* McatMaestro */ = {
			isa = PBXFileSystemSynchronizedRootGroup;
			path = McatMaestro;
			sourceTree = "<group>";
		};
		DD0DED502CC1B39D008B4208 /* McatMaestroTests */ = {
			isa = PBXFileSystemSynchronizedRootGroup;
			path = McatMaestroTests;
			sourceTree = "<group>";
		};
		DD0DED5A2CC1B39D008B4208 /* McatMaestroUITests */ = {
			isa = PBXFileSystemSynchronizedRootGroup;
			path = McatMaestroUITests;
			sourceTree = "<group>";
		};
/* End PBXFileSystemSynchronizedRootGroup section */

/* Begin PBXFrameworksBuildPhase section */
		DD0DED3A2CC1B38A008B4208 /* Frameworks */ = {
			isa = PBXFrameworksBuildPhase;
			buildActionMask = 2147483647;
			files = (
			);
			runOnlyForDeploymentPostprocessing = 0;
		};
		DD0DED4A2CC1B39D008B4208 /* Frameworks */ = {
			isa = PBXFrameworksBuildPhase;
			buildActionMask = 2147483647;
			files = (
			);
			runOnlyForDeploymentPostprocessing = 0;
		};
		DD0DED542CC1B39D008B4208 /* Frameworks */ = {
			isa = PBXFrameworksBuildPhase;
			buildActionMask = 2147483647;
			files = (
			);
			runOnlyForDeploymentPostprocessing = 0;
		};
/* End PBXFrameworksBuildPhase section */

/* Begin PBXGroup section */
		DD0DED342CC1B38A008B4208 = {
			isa = PBXGroup;
			children = (
				DD0DED3F2CC1B38A008B4208 /* McatMaestro */,
				DD0DED502CC1B39D008B4208 /* McatMaestroTests */,
				DD0DED5A2CC1B39D008B4208 /* McatMaestroUITests */,
				DD0DED3E2CC1B38A008B4208 /* Products */,
			);
			sourceTree = "<group>";
		};
		DD0DED3E2CC1B38A008B4208 /* Products */ = {
			isa = PBXGroup;
			children = (
				DD0DED3D2CC1B38A008B4208 /* McatMaestro.app */,
				DD0DED4D2CC1B39D008B4208 /* McatMaestroTests.xctest */,
				DD0DED572CC1B39D008B4208 /* McatMaestroUITests.xctest */,
			);
			name = Products;
			sourceTree = "<group>";
		};
/* End PBXGroup section */

/* Begin PBXNativeTarget section */
		DD0DED3C2CC1B38A008B4208 /* McatMaestro */ = {
			isa = PBXNativeTarget;
			buildConfigurationList = DD0DED612CC1B39D008B4208 /* Build configuration list for PBXNativeTarget "McatMaestro" */;
			buildPhases = (
				DD0DED392CC1B38A008B4208 /* Sources */,
				DD0DED3A2CC1B38A008B4208 /* Frameworks */,
				DD0DED3B2CC1B38A008B4208 /* Resources */,
			);
			buildRules = (
			);
			dependencies = (
			);
			fileSystemSynchronizedGroups = (
				DD0DED3F2CC1B38A008B4208 /* McatMaestro */,
			);
			name = McatMaestro;
			packageProductDependencies = (
			);
			productName = McatMaestro;
			productReference = DD0DED3D2CC1B38A008B4208 /* McatMaestro.app */;
			productType = "com.apple.product-type.application";
		};
		DD0DED4C2CC1B39D008B4208 /* McatMaestroTests */ = {
			isa = PBXNativeTarget;
			buildConfigurationList = DD0DED642CC1B39D008B4208 /* Build configuration list for PBXNativeTarget "McatMaestroTests" */;
			buildPhases = (
				DD0DED492CC1B39D008B4208 /* Sources */,
				DD0DED4A2CC1B39D008B4208 /* Frameworks */,
				DD0DED4B2CC1B39D008B4208 /* Resources */,
			);
			buildRules = (
			);
			dependencies = (
				DD0DED4F2CC1B39D008B4208 /* PBXTargetDependency */,
			);
			fileSystemSynchronizedGroups = (
				DD0DED502CC1B39D008B4208 /* McatMaestroTests */,
			);
			name = McatMaestroTests;
			packageProductDependencies = (
			);
			productName = McatMaestroTests;
			productReference = DD0DED4D2CC1B39D008B4208 /* McatMaestroTests.xctest */;
			productType = "com.apple.product-type.bundle.unit-test";
		};
		DD0DED562CC1B39D008B4208 /* McatMaestroUITests */ = {
			isa = PBXNativeTarget;
			buildConfigurationList = DD0DED672CC1B39D008B4208 /* Build configuration list for PBXNativeTarget "McatMaestroUITests" */;
			buildPhases = (
				DD0DED532CC1B39D008B4208 /* Sources */,
				DD0DED542CC1B39D008B4208 /* Frameworks */,
				DD0DED552CC1B39D008B4208 /* Resources */,
			);
			buildRules = (
			);
			dependencies = (
				DD0DED592CC1B39D008B4208 /* PBXTargetDependency */,
			);
			fileSystemSynchronizedGroups = (
				DD0DED5A2CC1B39D008B4208 /* McatMaestroUITests */,
			);
			name = McatMaestroUITests;
			packageProductDependencies = (
			);
			productName = McatMaestroUITests;
			productReference = DD0DED572CC1B39D008B4208 /* McatMaestroUITests.xctest */;
			productType = "com.apple.product-type.bundle.ui-testing";
		};
/* End PBXNativeTarget section */

/* Begin PBXProject section */
		DD0DED352CC1B38A008B4208 /* Project object */ = {
			isa = PBXProject;
			attributes = {
				BuildIndependentTargetsInParallel = 1;
				LastSwiftUpdateCheck = 1600;
				LastUpgradeCheck = 1600;
				TargetAttributes = {
					DD0DED3C2CC1B38A008B4208 = {
						CreatedOnToolsVersion = 16.0;
					};
					DD0DED4C2CC1B39D008B4208 = {
						CreatedOnToolsVersion = 16.0;
						TestTargetID = DD0DED3C2CC1B38A008B4208;
					};
					DD0DED562CC1B39D008B4208 = {
						CreatedOnToolsVersion = 16.0;
						TestTargetID = DD0DED3C2CC1B38A008B4208;
					};
				};
			};
			buildConfigurationList = DD0DED382CC1B38A008B4208 /* Build configuration list for PBXProject "McatMaestro" */;
			developmentRegion = en;
			hasScannedForEncodings = 0;
			knownRegions = (
				en,
				Base,
			);
			mainGroup = DD0DED342CC1B38A008B4208;
			minimizedProjectReferenceProxies = 1;
			preferredProjectObjectVersion = 77;
			productRefGroup = DD0DED3E2CC1B38A008B4208 /* Products */;
			projectDirPath = "";
			projectRoot = "";
			targets = (
				DD0DED3C2CC1B38A008B4208 /* McatMaestro */,
				DD0DED4C2CC1B39D008B4208 /* McatMaestroTests */,
				DD0DED562CC1B39D008B4208 /* McatMaestroUITests */,
			);
		};
/* End PBXProject section */

/* Begin PBXResourcesBuildPhase section */
		DD0DED3B2CC1B38A008B4208 /* Resources */ = {
			isa = PBXResourcesBuildPhase;
			buildActionMask = 2147483647;
			files = (
			);
			runOnlyForDeploymentPostprocessing = 0;
		};
		DD0DED4B2CC1B39D008B4208 /* Resources */ = {
			isa = PBXResourcesBuildPhase;
			buildActionMask = 2147483647;
			files = (
			);
			runOnlyForDeploymentPostprocessing = 0;
		};
		DD0DED552CC1B39D008B4208 /* Resources */ = {
			isa = PBXResourcesBuildPhase;
			buildActionMask = 2147483647;
			files = (
			);
			runOnlyForDeploymentPostprocessing = 0;
		};
/* End PBXResourcesBuildPhase section */

/* Begin PBXSourcesBuildPhase section */
		DD0DED392CC1B38A008B4208 /* Sources */ = {
			isa = PBXSourcesBuildPhase;
			buildActionMask = 2147483647;
			files = (
			);
			runOnlyForDeploymentPostprocessing = 0;
		};
		DD0DED492CC1B39D008B4208 /* Sources */ = {
			isa = PBXSourcesBuildPhase;
			buildActionMask = 2147483647;
			files = (
			);
			runOnlyForDeploymentPostprocessing = 0;
		};
		DD0DED532CC1B39D008B4208 /* Sources */ = {
			isa = PBXSourcesBuildPhase;
			buildActionMask = 2147483647;
			files = (
			);
			runOnlyForDeploymentPostprocessing = 0;
		};
/* End PBXSourcesBuildPhase section */

/* Begin PBXTargetDependency section */
		DD0DED4F2CC1B39D008B4208 /* PBXTargetDependency */ = {
			isa = PBXTargetDependency;
			target = DD0DED3C2CC1B38A008B4208 /* McatMaestro */;
			targetProxy = DD0DED4E2CC1B39D008B4208 /* PBXContainerItemProxy */;
		};
		DD0DED592CC1B39D008B4208 /* PBXTargetDependency */ = {
			isa = PBXTargetDependency;
			target = DD0DED3C2CC1B38A008B4208 /* McatMaestro */;
			targetProxy = DD0DED582CC1B39D008B4208 /* PBXContainerItemProxy */;
		};
/* End PBXTargetDependency section */

/* Begin XCBuildConfiguration section */
		DD0DED5F2CC1B39D008B4208 /* Debug */ = {
			isa = XCBuildConfiguration;
			buildSettings = {
				ALWAYS_SEARCH_USER_PATHS = NO;
				ASSETCATALOG_COMPILER_GENERATE_SWIFT_ASSET_SYMBOL_EXTENSIONS = YES;
				CLANG_ANALYZER_NONNULL = YES;
				CLANG_ANALYZER_NUMBER_OBJECT_CONVERSION = YES_AGGRESSIVE;
				CLANG_CXX_LANGUAGE_STANDARD = "gnu++20";
				CLANG_ENABLE_MODULES = YES;
				CLANG_ENABLE_OBJC_ARC = YES;
				CLANG_ENABLE_OBJC_WEAK = YES;
				CLANG_WARN_BLOCK_CAPTURE_AUTORELEASING = YES;
				CLANG_WARN_BOOL_CONVERSION = YES;
				CLANG_WARN_COMMA = YES;
				CLANG_WARN_CONSTANT_CONVERSION = YES;
				CLANG_WARN_DEPRECATED_OBJC_IMPLEMENTATIONS = YES;
				CLANG_WARN_DIRECT_OBJC_ISA_USAGE = YES_ERROR;
				CLANG_WARN_DOCUMENTATION_COMMENTS = YES;
				CLANG_WARN_EMPTY_BODY = YES;
				CLANG_WARN_ENUM_CONVERSION = YES;
				CLANG_WARN_INFINITE_RECURSION = YES;
				CLANG_WARN_INT_CONVERSION = YES;
				CLANG_WARN_NON_LITERAL_NULL_CONVERSION = YES;
				CLANG_WARN_OBJC_IMPLICIT_RETAIN_SELF = YES;
				CLANG_WARN_OBJC_LITERAL_CONVERSION = YES;
				CLANG_WARN_OBJC_ROOT_CLASS = YES_ERROR;
				CLANG_WARN_QUOTED_INCLUDE_IN_FRAMEWORK_HEADER = YES;
				CLANG_WARN_RANGE_LOOP_ANALYSIS = YES;
				CLANG_WARN_STRICT_PROTOTYPES = YES;
				CLANG_WARN_SUSPICIOUS_MOVE = YES;
				CLANG_WARN_UNGUARDED_AVAILABILITY = YES_AGGRESSIVE;
				CLANG_WARN_UNREACHABLE_CODE = YES;
				CLANG_WARN__DUPLICATE_METHOD_MATCH = YES;
				COPY_PHASE_STRIP = NO;
				DEBUG_INFORMATION_FORMAT = dwarf;
				ENABLE_STRICT_OBJC_MSGSEND = YES;
				ENABLE_TESTABILITY = YES;
				ENABLE_USER_SCRIPT_SANDBOXING = YES;
				GCC_C_LANGUAGE_STANDARD = gnu17;
				GCC_DYNAMIC_NO_PIC = NO;
				GCC_NO_COMMON_BLOCKS = YES;
				GCC_OPTIMIZATION_LEVEL = 0;
				GCC_PREPROCESSOR_DEFINITIONS = (
					"DEBUG=1",
					"$(inherited)",
				);
				GCC_WARN_64_TO_32_BIT_CONVERSION = YES;
				GCC_WARN_ABOUT_RETURN_TYPE = YES_ERROR;
				GCC_WARN_UNDECLARED_SELECTOR = YES;
				GCC_WARN_UNINITIALIZED_AUTOS = YES_AGGRESSIVE;
				GCC_WARN_UNUSED_FUNCTION = YES;
				GCC_WARN_UNUSED_VARIABLE = YES;
				IPHONEOS_DEPLOYMENT_TARGET = 18.0;
				LOCALIZATION_PREFERS_STRING_CATALOGS = YES;
				MTL_ENABLE_DEBUG_INFO = INCLUDE_SOURCE;
				MTL_FAST_MATH = YES;
				ONLY_ACTIVE_ARCH = YES;
				SDKROOT = iphoneos;
				SWIFT_ACTIVE_COMPILATION_CONDITIONS = "DEBUG $(inherited)";
				SWIFT_OPTIMIZATION_LEVEL = "-Onone";
			};
			name = Debug;
		};
		DD0DED602CC1B39D008B4208 /* Release */ = {
			isa = XCBuildConfiguration;
			buildSettings = {
				ALWAYS_SEARCH_USER_PATHS = NO;
				ASSETCATALOG_COMPILER_GENERATE_SWIFT_ASSET_SYMBOL_EXTENSIONS = YES;
				CLANG_ANALYZER_NONNULL = YES;
				CLANG_ANALYZER_NUMBER_OBJECT_CONVERSION = YES_AGGRESSIVE;
				CLANG_CXX_LANGUAGE_STANDARD = "gnu++20";
				CLANG_ENABLE_MODULES = YES;
				CLANG_ENABLE_OBJC_ARC = YES;
				CLANG_ENABLE_OBJC_WEAK = YES;
				CLANG_WARN_BLOCK_CAPTURE_AUTORELEASING = YES;
				CLANG_WARN_BOOL_CONVERSION = YES;
				CLANG_WARN_COMMA = YES;
				CLANG_WARN_CONSTANT_CONVERSION = YES;
				CLANG_WARN_DEPRECATED_OBJC_IMPLEMENTATIONS = YES;
				CLANG_WARN_DIRECT_OBJC_ISA_USAGE = YES_ERROR;
				CLANG_WARN_DOCUMENTATION_COMMENTS = YES;
				CLANG_WARN_EMPTY_BODY = YES;
				CLANG_WARN_ENUM_CONVERSION = YES;
				CLANG_WARN_INFINITE_RECURSION = YES;
				CLANG_WARN_INT_CONVERSION = YES;
				CLANG_WARN_NON_LITERAL_NULL_CONVERSION = YES;
				CLANG_WARN_OBJC_IMPLICIT_RETAIN_SELF = YES;
				CLANG_WARN_OBJC_LITERAL_CONVERSION = YES;
				CLANG_WARN_OBJC_ROOT_CLASS = YES_ERROR;
				CLANG_WARN_QUOTED_INCLUDE_IN_FRAMEWORK_HEADER = YES;
				CLANG_WARN_RANGE_LOOP_ANALYSIS = YES;
				CLANG_WARN_STRICT_PROTOTYPES = YES;
				CLANG_WARN_SUSPICIOUS_MOVE = YES;
				CLANG_WARN_UNGUARDED_AVAILABILITY = YES_AGGRESSIVE;
				CLANG_WARN_UNREACHABLE_CODE = YES;
				CLANG_WARN__DUPLICATE_METHOD_MATCH = YES;
				COPY_PHASE_STRIP = NO;
				DEBUG_INFORMATION_FORMAT = "dwarf-with-dsym";
				ENABLE_NS_ASSERTIONS = NO;
				ENABLE_STRICT_OBJC_MSGSEND = YES;
				ENABLE_USER_SCRIPT_SANDBOXING = YES;
				GCC_C_LANGUAGE_STANDARD = gnu17;
				GCC_NO_COMMON_BLOCKS = YES;
				GCC_WARN_64_TO_32_BIT_CONVERSION = YES;
				GCC_WARN_ABOUT_RETURN_TYPE = YES_ERROR;
				GCC_WARN_UNDECLARED_SELECTOR = YES;
				GCC_WARN_UNINITIALIZED_AUTOS = YES_AGGRESSIVE;
				GCC_WARN_UNUSED_FUNCTION = YES;
				GCC_WARN_UNUSED_VARIABLE = YES;
				IPHONEOS_DEPLOYMENT_TARGET = 18.0;
				LOCALIZATION_PREFERS_STRING_CATALOGS = YES;
				MTL_ENABLE_DEBUG_INFO = NO;
				MTL_FAST_MATH = YES;
				SDKROOT = iphoneos;
				SWIFT_COMPILATION_MODE = wholemodule;
				VALIDATE_PRODUCT = YES;
			};
			name = Release;
		};
		DD0DED622CC1B39D008B4208 /* Debug */ = {
			isa = XCBuildConfiguration;
			buildSettings = {
				ASSETCATALOG_COMPILER_APPICON_NAME = AppIcon;
				ASSETCATALOG_COMPILER_GLOBAL_ACCENT_COLOR_NAME = AccentColor;
				CODE_SIGN_STYLE = Automatic;
				CURRENT_PROJECT_VERSION = 1;
				DEVELOPMENT_ASSET_PATHS = "\"McatMaestro/Preview Content\"";
				ENABLE_PREVIEWS = YES;
				GENERATE_INFOPLIST_FILE = YES;
				INFOPLIST_KEY_UIApplicationSceneManifest_Generation = YES;
				INFOPLIST_KEY_UIApplicationSupportsIndirectInputEvents = YES;
				INFOPLIST_KEY_UILaunchScreen_Generation = YES;
				INFOPLIST_KEY_UISupportedInterfaceOrientations_iPad = "UIInterfaceOrientationPortrait UIInterfaceOrientationPortraitUpsideDown UIInterfaceOrientationLandscapeLeft UIInterfaceOrientationLandscapeRight";
				INFOPLIST_KEY_UISupportedInterfaceOrientations_iPhone = "UIInterfaceOrientationPortrait UIInterfaceOrientationLandscapeLeft UIInterfaceOrientationLandscapeRight";
				LD_RUNPATH_SEARCH_PATHS = (
					"$(inherited)",
					"@executable_path/Frameworks",
				);
				MARKETING_VERSION = 1.0;
				PRODUCT_BUNDLE_IDENTIFIER = com.McatMaestro.McatMaestro;
				PRODUCT_NAME = "$(TARGET_NAME)";
				SWIFT_EMIT_LOC_STRINGS = YES;
				SWIFT_VERSION = 5.0;
				TARGETED_DEVICE_FAMILY = "1,2";
			};
			name = Debug;
		};
		DD0DED632CC1B39D008B4208 /* Release */ = {
			isa = XCBuildConfiguration;
			buildSettings = {
				ASSETCATALOG_COMPILER_APPICON_NAME = AppIcon;
				ASSETCATALOG_COMPILER_GLOBAL_ACCENT_COLOR_NAME = AccentColor;
				CODE_SIGN_STYLE = Automatic;
				CURRENT_PROJECT_VERSION = 1;
				DEVELOPMENT_ASSET_PATHS = "\"McatMaestro/Preview Content\"";
				ENABLE_PREVIEWS = YES;
				GENERATE_INFOPLIST_FILE = YES;
				INFOPLIST_KEY_UIApplicationSceneManifest_Generation = YES;
				INFOPLIST_KEY_UIApplicationSupportsIndirectInputEvents = YES;
				INFOPLIST_KEY_UILaunchScreen_Generation = YES;
				INFOPLIST_KEY_UISupportedInterfaceOrientations_iPad = "UIInterfaceOrientationPortrait UIInterfaceOrientationPortraitUpsideDown UIInterfaceOrientationLandscapeLeft UIInterfaceOrientationLandscapeRight";
				INFOPLIST_KEY_UISupportedInterfaceOrientations_iPhone = "UIInterfaceOrientationPortrait UIInterfaceOrientationLandscapeLeft UIInterfaceOrientationLandscapeRight";
				LD_RUNPATH_SEARCH_PATHS = (
					"$(inherited)",
					"@executable_path/Frameworks",
				);
				MARKETING_VERSION = 1.0;
				PRODUCT_BUNDLE_IDENTIFIER = com.McatMaestro.McatMaestro;
				PRODUCT_NAME = "$(TARGET_NAME)";
				SWIFT_EMIT_LOC_STRINGS = YES;
				SWIFT_VERSION = 5.0;
				TARGETED_DEVICE_FAMILY = "1,2";
			};
			name = Release;
		};
		DD0DED652CC1B39D008B4208 /* Debug */ = {
			isa = XCBuildConfiguration;
			buildSettings = {
				BUNDLE_LOADER = "$(TEST_HOST)";
				CODE_SIGN_STYLE = Automatic;
				CURRENT_PROJECT_VERSION = 1;
				GENERATE_INFOPLIST_FILE = YES;
				IPHONEOS_DEPLOYMENT_TARGET = 18.0;
				MARKETING_VERSION = 1.0;
				PRODUCT_BUNDLE_IDENTIFIER = com.McatMaestro.McatMaestroTests;
				PRODUCT_NAME = "$(TARGET_NAME)";
				SWIFT_EMIT_LOC_STRINGS = NO;
				SWIFT_VERSION = 5.0;
				TARGETED_DEVICE_FAMILY = "1,2";
				TEST_HOST = "$(BUILT_PRODUCTS_DIR)/McatMaestro.app/$(BUNDLE_EXECUTABLE_FOLDER_PATH)/McatMaestro";
			};
			name = Debug;
		};
		DD0DED662CC1B39D008B4208 /* Release */ = {
			isa = XCBuildConfiguration;
			buildSettings = {
				BUNDLE_LOADER = "$(TEST_HOST)";
				CODE_SIGN_STYLE = Automatic;
				CURRENT_PROJECT_VERSION = 1;
				GENERATE_INFOPLIST_FILE = YES;
				IPHONEOS_DEPLOYMENT_TARGET = 18.0;
				MARKETING_VERSION = 1.0;
				PRODUCT_BUNDLE_IDENTIFIER = com.McatMaestro.McatMaestroTests;
				PRODUCT_NAME = "$(TARGET_NAME)";
				SWIFT_EMIT_LOC_STRINGS = NO;
				SWIFT_VERSION = 5.0;
				TARGETED_DEVICE_FAMILY = "1,2";
				TEST_HOST = "$(BUILT_PRODUCTS_DIR)/McatMaestro.app/$(BUNDLE_EXECUTABLE_FOLDER_PATH)/McatMaestro";
			};
			name = Release;
		};
		DD0DED682CC1B39D008B4208 /* Debug */ = {
			isa = XCBuildConfiguration;
			buildSettings = {
				CODE_SIGN_STYLE = Automatic;
				CURRENT_PROJECT_VERSION = 1;
				GENERATE_INFOPLIST_FILE = YES;
				MARKETING_VERSION = 1.0;
				PRODUCT_BUNDLE_IDENTIFIER = com.McatMaestro.McatMaestroUITests;
				PRODUCT_NAME = "$(TARGET_NAME)";
				SWIFT_EMIT_LOC_STRINGS = NO;
				SWIFT_VERSION = 5.0;
				TARGETED_DEVICE_FAMILY = "1,2";
				TEST_TARGET_NAME = McatMaestro;
			};
			name = Debug;
		};
		DD0DED692CC1B39D008B4208 /* Release */ = {
			isa = XCBuildConfiguration;
			buildSettings = {
				CODE_SIGN_STYLE = Automatic;
				CURRENT_PROJECT_VERSION = 1;
				GENERATE_INFOPLIST_FILE = YES;
				MARKETING_VERSION = 1.0;
				PRODUCT_BUNDLE_IDENTIFIER = com.McatMaestro.McatMaestroUITests;
				PRODUCT_NAME = "$(TARGET_NAME)";
				SWIFT_EMIT_LOC_STRINGS = NO;
				SWIFT_VERSION = 5.0;
				TARGETED_DEVICE_FAMILY = "1,2";
				TEST_TARGET_NAME = McatMaestro;
			};
			name = Release;
		};
/* End XCBuildConfiguration section */

/* Begin XCConfigurationList section */
		DD0DED382CC1B38A008B4208 /* Build configuration list for PBXProject "McatMaestro" */ = {
			isa = XCConfigurationList;
			buildConfigurations = (
				DD0DED5F2CC1B39D008B4208 /* Debug */,
				DD0DED602CC1B39D008B4208 /* Release */,
			);
			defaultConfigurationIsVisible = 0;
			defaultConfigurationName = Release;
		};
		DD0DED612CC1B39D008B4208 /* Build configuration list for PBXNativeTarget "McatMaestro" */ = {
			isa = XCConfigurationList;
			buildConfigurations = (
				DD0DED622CC1B39D008B4208 /* Debug */,
				DD0DED632CC1B39D008B4208 /* Release */,
			);
			defaultConfigurationIsVisible = 0;
			defaultConfigurationName = Release;
		};
		DD0DED642CC1B39D008B4208 /* Build configuration list for PBXNativeTarget "McatMaestroTests" */ = {
			isa = XCConfigurationList;
			buildConfigurations = (
				DD0DED652CC1B39D008B4208 /* Debug */,
				DD0DED662CC1B39D008B4208 /* Release */,
			);
			defaultConfigurationIsVisible = 0;
			defaultConfigurationName = Release;
		};
		DD0DED672CC1B39D008B4208 /* Build configuration list for PBXNativeTarget "McatMaestroUITests" */ = {
			isa = XCConfigurationList;
			buildConfigurations = (
				DD0DED682CC1B39D008B4208 /* Debug */,
				DD0DED692CC1B39D008B4208 /* Release */,
			);
			defaultConfigurationIsVisible = 0;
			defaultConfigurationName = Release;
		};
/* End XCConfigurationList section */
	};
	rootObject = DD0DED352CC1B38A008B4208 /* Project object */;
}
